
Microsoft Visual Studio Solution File, Format Version 12.00
# Visual Studio Version 17
VisualStudioVersion = 17.9.34616.47
MinimumVisualStudioVersion = 10.0.40219.1
Project("{FAE04EC0-301F-11D3-BF4B-00C04F79EFBC}") = "LE_ReadWritingCSVFiles_StephanieLopez", "LE_ReadWritingCSVFiles_StephanieLopez.csproj", "{2E42ACF4-6830-4715-AD56-5D726FABF5F1}"
EndProject
Global
	GlobalSection(SolutionConfigurationPlatforms) = preSolution
		Debug|Any CPU = Debug|Any CPU
		Release|Any CPU = Release|Any CPU
	EndGlobalSection
	GlobalSection(ProjectConfigurationPlatforms) = postSolution
		{2E42ACF4-6830-4715-AD56-5D726FABF5F1}.Debug|Any CPU.ActiveCfg = Debug|Any CPU
		{2E42ACF4-6830-4715-AD56-5D726FABF5F1}.Debug|Any CPU.Build.0 = Debug|Any CPU
		{2E42ACF4-6830-4715-AD56-5D726FABF5F1}.Release|Any CPU.ActiveCfg = Release|Any CPU
		{2E42ACF4-6830-4715-AD56-5D726FABF5F1}.Release|Any CPU.Build.0 = Release|Any CPU
	EndGlobalSection
	GlobalSection(SolutionProperties) = preSolution
		HideSolutionNode = FALSE
	EndGlobalSection
	GlobalSection(ExtensibilityGlobals) = postSolution
		SolutionGuid = {14019801-62DB-4A9E-AEDF-218A539167C8}
	EndGlobalSection
EndGlobal
